
Microsoft Visual Studio Solution File, Format Version 12.00
# Visual Studio Version 17
VisualStudioVersion = 17.6.33815.320
MinimumVisualStudioVersion = 10.0.40219.1
Project("{FAE04EC0-301F-11D3-BF4B-00C04F79EFBC}") = "DistinctStudentAccessCounter", "DistinctStudentAccessCounter\DistinctStudentAccessCounter.csproj", "{D44474C6-B483-4218-867E-F90C340E3620}"
EndProject
Global
	GlobalSection(SolutionConfigurationPlatforms) = preSolution
		Debug|Any CPU = Debug|Any CPU
		Release|Any CPU = Release|Any CPU
	EndGlobalSection
	GlobalSection(ProjectConfigurationPlatforms) = postSolution
		{D44474C6-B483-4218-867E-F90C340E3620}.Debug|Any CPU.ActiveCfg = Debug|Any CPU
		{D44474C6-B483-4218-867E-F90C340E3620}.Debug|Any CPU.Build.0 = Debug|Any CPU
		{D44474C6-B483-4218-867E-F90C340E3620}.Release|Any CPU.ActiveCfg = Release|Any CPU
		{D44474C6-B483-4218-867E-F90C340E3620}.Release|Any CPU.Build.0 = Release|Any CPU
	EndGlobalSection
	GlobalSection(SolutionProperties) = preSolution
		HideSolutionNode = FALSE
	EndGlobalSection
	GlobalSection(ExtensibilityGlobals) = postSolution
		SolutionGuid = {FF88DD25-83C3-4C22-8120-C0F20DB7BB2C}
	EndGlobalSection
EndGlobal
